github.com/adjust/rmq v1.0.0 h1:VTD1iLXIQD3tr4mQlgOOOkz6jMbIiKdnpDXQyAqPOLQ=
github.com/adjust/rmq v1.0.0/go.mod h1:R3ayojJEWi4WQ7I6q1GYzgeBiHC58+y/6eQc2usiWh4=
github.com/adjust/uniuri v0.0.0-20130923163420-498743145e60 h1:ogL5Ct/E8o3w/QiBWDFJV9fOXglEiXI+YaYIqWNCJ8Y=
github.com/adjust/uniuri v0.0.0-20130923163420-498743145e60/go.mod h1:pgVmNTYfZOWG+PrCVPcvgUy5Z/uowI78tK8ARMsdVXw=
github.com/asaskevich/EventBus v0.0.0-20180315140547-d46933a94f05 h1:Shem5lRG4gJyrrg9YMIl7dOQazyWCq0Daz4LjompZ28=
github.com/asaskevich/EventBus v0.0.0-20180315140547-d46933a94f05/go.mod h1:JS7hed4L1fj0hXcyEejnW57/7LCetXggd+vwrRnYeII=
github.com/davecgh/go-spew v1.1.1/go.mod h1:J7Y8YcW2NihsgmVo/mv3lAwl/skON4iLHjSsI+c5H38=
github.com/flashmob/go-guerrilla v0.0.0-20191003142654-05e8e941f765 h1:MZO+0a7trLF69iUe+v083vsAvPaJtDlZ0ivMK+KhCcI=
github.com/flashmob/go-guerrilla v0.0.0-20191003142654-05e8e941f765/go.mod h1:ZT9TRggRsSY4ZVndoyx8TRUxi3tM/nOYtKWKDX94H0I=
github.com/go-redis/redis v6.15.6+incompatible h1:H9evprGPLI8+ci7fxQx6WNZHJSb7be8FqJQRhdQZ5Sg=
github.com/go-redis/redis v6.15.6+incompatible/go.mod h1:NAIEuMOZ/fxfXJIrKDQDz8wamY7mA7PouImQ2Jvg6kA=
github.com/konsorten/go-windows-terminal-sequences v1.0.1/go.mod h1:T0+1ngSBFLxvqU3pZ+m/2kptfBszLMUkC4ZK/EgS/cQ=
github.com/pmezard/go-difflib v1.0.0/go.mod h1:iKH77koFhYxTK1pcRnkKkqfTogsbg7gZNVY4sRDYZ/4=
github.com/sirupsen/logrus v1.4.2 h1:SPIRibHv4MatM3XXNO2BJeFLZwZ2LvZgfQ5+UNI2im4=
github.com/sirupsen/logrus v1.4.2/go.mod h1:tLMulIdttU9McNUspp0xgXVQah82FyeX6MwdIuYE2rE=
github.com/stretchr/objx v0.1.1/go.mod h1:HFkY916IF+rwdDfMAkV7OtwuqBVzrE8GR6GFx+wExME=
github.com/stretchr/testify v1.2.2/go.mod h1:a8OnRcib4nhh0OaRAV+Yts87kKdq0PP7pXfy6kDkUVs=
golang.org/x/sys v0.0.0-20190422165155-953cdadca894 h1:Cz4ceDQGXuKRnVBDTS23GTn/pU5OE2C0WrNTOYK1Uuc=
golang.org/x/sys v0.0.0-20190422165155-953cdadca894/go.mod h1:h1NjWce9XRLGQEsW7wpKNCjG9DtNlClVuFLEZdDNbEs=
gopkg.in/bsm/ratelimit.v1 v1.0.0-20160220154919-db14e161995a h1:stTHdEoWg1pQ8riaP5ROrjS6zy6wewH/Q2iwnLCQUXY=
gopkg.in/bsm/ratelimit.v1 v1.0.0-20160220154919-db14e161995a/go.mod h1:KF9sEfUPAXdG8Oev9e99iLGnl2uJMjc5B+4y3O7x610=
gopkg.in/redis.v3 v3.6.4 h1:u7XgPH1rWwsdZnR+azldXC6x9qDU2luydOIeU/l52fE=
gopkg.in/redis.v3 v3.6.4/go.mod h1:6XeGv/CrsUFDU9aVbUdNykN7k1zVmoeg83KC9RbQfiU=
